
Microsoft Visual Studio Solution File, Format Version 12.00
# Visual Studio Version 17
VisualStudioVersion = 17.4.33205.214
MinimumVisualStudioVersion = 10.0.40219.1
Project("{9A19103F-16F7-4668-BE54-9A1E7A4F7556}") = "_build", "build\_build.csproj", "{0271F13D-3EE8-4130-A59B-1D9A08A193BA}"
EndProject
Project("{2150E333-8FDC-42A3-9474-1A3956D46DE8}") = "Plugins", "Plugins", "{A6088A2E-3C07-4979-88C9-1522AC0411D0}"
EndProject
Project("{FAE04EC0-301F-11D3-BF4B-00C04F79EFBC}") = "DNNCommunity.DNNDocs.Plugins", "plugins\DNNCommunity.DNNDocs.Plugins\DNNCommunity.DNNDocs.Plugins.csproj", "{A4DFFB98-BF0B-4636-BF22-488C731D2C6C}"
EndProject
Global
	GlobalSection(SolutionConfigurationPlatforms) = preSolution
		Debug|Any CPU = Debug|Any CPU
		Release|Any CPU = Release|Any CPU
	EndGlobalSection
	GlobalSection(ProjectConfigurationPlatforms) = postSolution
		{0271F13D-3EE8-4130-A59B-1D9A08A193BA}.Debug|Any CPU.ActiveCfg = Debug|Any CPU
		{0271F13D-3EE8-4130-A59B-1D9A08A193BA}.Debug|Any CPU.Build.0 = Debug|Any CPU
		{0271F13D-3EE8-4130-A59B-1D9A08A193BA}.Release|Any CPU.ActiveCfg = Release|Any CPU
		{0271F13D-3EE8-4130-A59B-1D9A08A193BA}.Release|Any CPU.Build.0 = Release|Any CPU
		{A4DFFB98-BF0B-4636-BF22-488C731D2C6C}.Debug|Any CPU.ActiveCfg = Debug|Any CPU
		{A4DFFB98-BF0B-4636-BF22-488C731D2C6C}.Debug|Any CPU.Build.0 = Debug|Any CPU
		{A4DFFB98-BF0B-4636-BF22-488C731D2C6C}.Release|Any CPU.ActiveCfg = Release|Any CPU
		{A4DFFB98-BF0B-4636-BF22-488C731D2C6C}.Release|Any CPU.Build.0 = Release|Any CPU
	EndGlobalSection
	GlobalSection(SolutionProperties) = preSolution
		HideSolutionNode = FALSE
	EndGlobalSection
	GlobalSection(NestedProjects) = preSolution
		{A4DFFB98-BF0B-4636-BF22-488C731D2C6C} = {A6088A2E-3C07-4979-88C9-1522AC0411D0}
	EndGlobalSection
	GlobalSection(ExtensibilityGlobals) = postSolution
		SolutionGuid = {B962D4D5-A44D-4689-8BC8-8E53CB96A15A}
	EndGlobalSection
EndGlobal
