
Microsoft Visual Studio Solution File, Format Version 12.00
# Visual Studio 15
VisualStudioVersion = 15.0.28307.102
MinimumVisualStudioVersion = 10.0.40219.1
Project("{FAE04EC0-301F-11D3-BF4B-00C04F79EFBC}") = "DNNCommunity.DNNDocs.Plugins", "DNNCommunity.DNNDocs.Plugins.csproj", "{FA0B4F79-66FD-4F55-BBB9-0CAC9CD4F095}"
EndProject
Global
	GlobalSection(SolutionConfigurationPlatforms) = preSolution
		Debug|Any CPU = Debug|Any CPU
		Release|Any CPU = Release|Any CPU
	EndGlobalSection
	GlobalSection(ProjectConfigurationPlatforms) = postSolution
		{FA0B4F79-66FD-4F55-BBB9-0CAC9CD4F095}.Debug|Any CPU.ActiveCfg = Debug|Any CPU
		{FA0B4F79-66FD-4F55-BBB9-0CAC9CD4F095}.Debug|Any CPU.Build.0 = Debug|Any CPU
		{FA0B4F79-66FD-4F55-BBB9-0CAC9CD4F095}.Release|Any CPU.ActiveCfg = Release|Any CPU
		{FA0B4F79-66FD-4F55-BBB9-0CAC9CD4F095}.Release|Any CPU.Build.0 = Release|Any CPU
	EndGlobalSection
	GlobalSection(SolutionProperties) = preSolution
		HideSolutionNode = FALSE
	EndGlobalSection
	GlobalSection(ExtensibilityGlobals) = postSolution
		SolutionGuid = {2B720A64-2C7A-4EB2-BA02-B08EF419CACA}
	EndGlobalSection
EndGlobal
